{
  "name": "vue-shopping-cart-HaoChenSupreme",
  "lockfileVersion": 2,
  "requires": true,
  "packages": {
    "": {
      "dependencies": {
        "vuex": "^3.4.0"
      },
      "devDependencies": {
        "@vue/cli-plugin-vuex": "~4.5.0"
      }
    },
    "node_modules/@vue/cli-plugin-vuex": {
      "version": "4.5.15",
      "resolved": "https://registry.npmjs.org/@vue/cli-plugin-vuex/-/cli-plugin-vuex-4.5.15.tgz",
      "integrity": "sha512-fqap+4HN+w+InDxlA3hZTOGE0tzBTgXhKLoDydhywqgmhQ1D9JA6Feh94ze6tG8DsWX58/ujYUqA8jAz17FJtg==",
      "dev": true,
      "peerDependencies": {
        "@vue/cli-service": "^3.0.0 || ^4.0.0-0"
      }
    },
    "node_modules/vuex": {
      "version": "3.6.2",
      "resolved": "https://registry.npmjs.org/vuex/-/vuex-3.6.2.tgz",
      "integrity": "sha512-ETW44IqCgBpVomy520DT5jf8n0zoCac+sxWnn+hMe/CzaSejb/eVw2YToiXYX+Ex/AuHHia28vWTq4goAexFbw==",
      "peerDependencies": {
        "vue": "^2.0.0"
      }
    }
  },
  "dependencies": {
    "@vue/cli-plugin-vuex": {
      "version": "4.5.15",
      "resolved": "https://registry.npmjs.org/@vue/cli-plugin-vuex/-/cli-plugin-vuex-4.5.15.tgz",
      "integrity": "sha512-fqap+4HN+w+InDxlA3hZTOGE0tzBTgXhKLoDydhywqgmhQ1D9JA6Feh94ze6tG8DsWX58/ujYUqA8jAz17FJtg==",
      "dev": true
    },
    "vuex": {
      "version": "3.6.2",
      "resolved": "https://registry.npmjs.org/vuex/-/vuex-3.6.2.tgz",
      "integrity": "sha512-ETW44IqCgBpVomy520DT5jf8n0zoCac+sxWnn+hMe/CzaSejb/eVw2YToiXYX+Ex/AuHHia28vWTq4goAexFbw=="
    }
  }
}
